// !$*UTF8*$!
{
	archiveVersion = 1;
	classes = {
	};
	objectVersion = 50;
	objects = {

/* Begin PBXBuildFile section */
		681347D02158462900B3EFAC /* SafariExtensionViewController.xib in Resources */ = {isa = PBXBuildFile; fileRef = 681347CF2158462900B3EFAC /* SafariExtensionViewController.xib */; };
		681347D221585DE800B3EFAC /* ToolbarItemIconActive.pdf in Resources */ = {isa = PBXBuildFile; fileRef = 681347D121585DE800B3EFAC /* ToolbarItemIconActive.pdf */; };
		681347D42159732400B3EFAC /* Main.storyboard in Resources */ = {isa = PBXBuildFile; fileRef = 681347D32159732400B3EFAC /* Main.storyboard */; };
		681627112733E6C000B75948 /* Assets.xcassets in Resources */ = {isa = PBXBuildFile; fileRef = 681627102733E6C000B75948 /* Assets.xcassets */; };
		681627132733EEDB00B75948 /* Credits.rtf in Resources */ = {isa = PBXBuildFile; fileRef = 681627122733EEDB00B75948 /* Credits.rtf */; };
		6829201B21576A3000EC5EEC /* AppDelegate.swift in Sources */ = {isa = PBXBuildFile; fileRef = 6829201A21576A3000EC5EEC /* AppDelegate.swift */; };
		6829201D21576A3000EC5EEC /* ViewController.swift in Sources */ = {isa = PBXBuildFile; fileRef = 6829201C21576A3000EC5EEC /* ViewController.swift */; };
		6829201F21576A3100EC5EEC /* Assets.xcassets in Resources */ = {isa = PBXBuildFile; fileRef = 6829201E21576A3100EC5EEC /* Assets.xcassets */; };
		6829204D21576AB200EC5EEC /* Cocoa.framework in Frameworks */ = {isa = PBXBuildFile; fileRef = 6829204C21576AB200EC5EEC /* Cocoa.framework */; };
		6829205021576AB200EC5EEC /* SafariExtensionHandler.swift in Sources */ = {isa = PBXBuildFile; fileRef = 6829204F21576AB200EC5EEC /* SafariExtensionHandler.swift */; };
		6829205221576AB200EC5EEC /* SafariExtensionViewController.swift in Sources */ = {isa = PBXBuildFile; fileRef = 6829205121576AB200EC5EEC /* SafariExtensionViewController.swift */; };
		6829205A21576AB200EC5EEC /* ToolbarItemIcon.pdf in Resources */ = {isa = PBXBuildFile; fileRef = 6829205921576AB200EC5EEC /* ToolbarItemIcon.pdf */; };
		6829205E21576AB200EC5EEC /* SafariExtension.appex in Embed App Extensions */ = {isa = PBXBuildFile; fileRef = 6829204A21576AB200EC5EEC /* SafariExtension.appex */; settings = {ATTRIBUTES = (RemoveHeadersOnCopy, ); }; };
		683D584C23BA0361000E9573 /* Reloaders.swift in Sources */ = {isa = PBXBuildFile; fileRef = 683D584B23BA0361000E9573 /* Reloaders.swift */; };
		6850394821838E9E00B0C959 /* Reloader.swift in Sources */ = {isa = PBXBuildFile; fileRef = 6850394721838E9E00B0C959 /* Reloader.swift */; };
		68B0FA8C215C677B00037CED /* TranslucentView.swift in Sources */ = {isa = PBXBuildFile; fileRef = 68B0FA8B215C677B00037CED /* TranslucentView.swift */; };
		68B0FA8E215C693B00037CED /* Window.swift in Sources */ = {isa = PBXBuildFile; fileRef = 68B0FA8D215C693B00037CED /* Window.swift */; };
/* End PBXBuildFile section */

/* Begin PBXContainerItemProxy section */
		6829205C21576AB200EC5EEC /* PBXContainerItemProxy */ = {
			isa = PBXContainerItemProxy;
			containerPortal = 6829200F21576A3000EC5EEC /* Project object */;
			proxyType = 1;
			remoteGlobalIDString = 6829204921576AB200EC5EEC;
			remoteInfo = SafariExtension;
		};
/* End PBXContainerItemProxy section */

/* Begin PBXCopyFilesBuildPhase section */
		6829206221576AB200EC5EEC /* Embed App Extensions */ = {
			isa = PBXCopyFilesBuildPhase;
			buildActionMask = 2147483647;
			dstPath = "";
			dstSubfolderSpec = 13;
			files = (
				6829205E21576AB200EC5EEC /* SafariExtension.appex in Embed App Extensions */,
			);
			name = "Embed App Extensions";
			runOnlyForDeploymentPostprocessing = 0;
		};
/* End PBXCopyFilesBuildPhase section */

/* Begin PBXFileReference section */
		681347CD215842C400B3EFAC /* Info.plist */ = {isa = PBXFileReference; fileEncoding = 4; lastKnownFileType = text.plist.xml; path = Info.plist; sourceTree = "<group>"; };
		681347CF2158462900B3EFAC /* SafariExtensionViewController.xib */ = {isa = PBXFileReference; fileEncoding = 4; lastKnownFileType = file.xib; path = SafariExtensionViewController.xib; sourceTree = "<group>"; };
		681347D121585DE800B3EFAC /* ToolbarItemIconActive.pdf */ = {isa = PBXFileReference; lastKnownFileType = image.pdf; path = ToolbarItemIconActive.pdf; sourceTree = "<group>"; };
		681347D32159732400B3EFAC /* Main.storyboard */ = {isa = PBXFileReference; fileEncoding = 4; lastKnownFileType = file.storyboard; path = Main.storyboard; sourceTree = "<group>"; };
		681627102733E6C000B75948 /* Assets.xcassets */ = {isa = PBXFileReference; lastKnownFileType = folder.assetcatalog; path = Assets.xcassets; sourceTree = "<group>"; };
		681627122733EEDB00B75948 /* Credits.rtf */ = {isa = PBXFileReference; lastKnownFileType = text.rtf; path = Credits.rtf; sourceTree = "<group>"; };
		6829201721576A3000EC5EEC /* Auto Reload.app */ = {isa = PBXFileReference; explicitFileType = wrapper.application; includeInIndex = 0; path = "Auto Reload.app"; sourceTree = BUILT_PRODUCTS_DIR; };
		6829201A21576A3000EC5EEC /* AppDelegate.swift */ = {isa = PBXFileReference; lastKnownFileType = sourcecode.swift; path = AppDelegate.swift; sourceTree = "<group>"; };
		6829201C21576A3000EC5EEC /* ViewController.swift */ = {isa = PBXFileReference; lastKnownFileType = sourcecode.swift; path = ViewController.swift; sourceTree = "<group>"; };
		6829201E21576A3100EC5EEC /* Assets.xcassets */ = {isa = PBXFileReference; lastKnownFileType = folder.assetcatalog; path = Assets.xcassets; sourceTree = "<group>"; };
		6829202321576A3100EC5EEC /* Info.plist */ = {isa = PBXFileReference; lastKnownFileType = text.plist.xml; path = Info.plist; sourceTree = "<group>"; };
		6829202421576A3100EC5EEC /* AutoReload.entitlements */ = {isa = PBXFileReference; lastKnownFileType = text.plist.entitlements; path = AutoReload.entitlements; sourceTree = "<group>"; };
		6829204A21576AB200EC5EEC /* SafariExtension.appex */ = {isa = PBXFileReference; explicitFileType = "wrapper.app-extension"; includeInIndex = 0; path = SafariExtension.appex; sourceTree = BUILT_PRODUCTS_DIR; };
		6829204C21576AB200EC5EEC /* Cocoa.framework */ = {isa = PBXFileReference; lastKnownFileType = wrapper.framework; name = Cocoa.framework; path = System/Library/Frameworks/Cocoa.framework; sourceTree = SDKROOT; };
		6829204F21576AB200EC5EEC /* SafariExtensionHandler.swift */ = {isa = PBXFileReference; lastKnownFileType = sourcecode.swift; path = SafariExtensionHandler.swift; sourceTree = "<group>"; };
		6829205121576AB200EC5EEC /* SafariExtensionViewController.swift */ = {isa = PBXFileReference; lastKnownFileType = sourcecode.swift; path = SafariExtensionViewController.swift; sourceTree = "<group>"; };
		6829205921576AB200EC5EEC /* ToolbarItemIcon.pdf */ = {isa = PBXFileReference; lastKnownFileType = image.pdf; path = ToolbarItemIcon.pdf; sourceTree = "<group>"; };
		6829205B21576AB200EC5EEC /* SafariExtension.entitlements */ = {isa = PBXFileReference; lastKnownFileType = text.plist.entitlements; path = SafariExtension.entitlements; sourceTree = "<group>"; };
		683D584B23BA0361000E9573 /* Reloaders.swift */ = {isa = PBXFileReference; lastKnownFileType = sourcecode.swift; path = Reloaders.swift; sourceTree = "<group>"; };
		6850394721838E9E00B0C959 /* Reloader.swift */ = {isa = PBXFileReference; lastKnownFileType = sourcecode.swift; path = Reloader.swift; sourceTree = "<group>"; };
		68824D672733D84E00637214 /* AutoReloadDesign.sketch */ = {isa = PBXFileReference; lastKnownFileType = file; path = AutoReloadDesign.sketch; sourceTree = "<group>"; };
		68824D682733D84E00637214 /* LICENSE.txt */ = {isa = PBXFileReference; lastKnownFileType = text; path = LICENSE.txt; sourceTree = "<group>"; };
		68824D692733D84E00637214 /* README.md */ = {isa = PBXFileReference; lastKnownFileType = net.daringfireball.markdown; path = README.md; sourceTree = "<group>"; };
		68824D6A2733D84E00637214 /* TestPage.html */ = {isa = PBXFileReference; lastKnownFileType = text.html; path = TestPage.html; sourceTree = "<group>"; };
		68B0FA8B215C677B00037CED /* TranslucentView.swift */ = {isa = PBXFileReference; lastKnownFileType = sourcecode.swift; path = TranslucentView.swift; sourceTree = "<group>"; };
		68B0FA8D215C693B00037CED /* Window.swift */ = {isa = PBXFileReference; lastKnownFileType = sourcecode.swift; path = Window.swift; sourceTree = "<group>"; };
/* End PBXFileReference section */

/* Begin PBXFrameworksBuildPhase section */
		6829201421576A3000EC5EEC /* Frameworks */ = {
			isa = PBXFrameworksBuildPhase;
			buildActionMask = 2147483647;
			files = (
			);
			runOnlyForDeploymentPostprocessing = 0;
		};
		6829204721576AB200EC5EEC /* Frameworks */ = {
			isa = PBXFrameworksBuildPhase;
			buildActionMask = 2147483647;
			files = (
				6829204D21576AB200EC5EEC /* Cocoa.framework in Frameworks */,
			);
			runOnlyForDeploymentPostprocessing = 0;
		};
/* End PBXFrameworksBuildPhase section */

/* Begin PBXGroup section */
		6829200E21576A3000EC5EEC = {
			isa = PBXGroup;
			children = (
				68824D672733D84E00637214 /* AutoReloadDesign.sketch */,
				68824D682733D84E00637214 /* LICENSE.txt */,
				68824D692733D84E00637214 /* README.md */,
				68824D6A2733D84E00637214 /* TestPage.html */,
				6829201921576A3000EC5EEC /* AutoReload */,
				6829204E21576AB200EC5EEC /* SafariExtension */,
				6829204B21576AB200EC5EEC /* Frameworks */,
				6829201821576A3000EC5EEC /* Products */,
			);
			sourceTree = "<group>";
		};
		6829201821576A3000EC5EEC /* Products */ = {
			isa = PBXGroup;
			children = (
				6829201721576A3000EC5EEC /* Auto Reload.app */,
				6829204A21576AB200EC5EEC /* SafariExtension.appex */,
			);
			name = Products;
			sourceTree = "<group>";
		};
		6829201921576A3000EC5EEC /* AutoReload */ = {
			isa = PBXGroup;
			children = (
				681347D32159732400B3EFAC /* Main.storyboard */,
				6829201A21576A3000EC5EEC /* AppDelegate.swift */,
				6829201C21576A3000EC5EEC /* ViewController.swift */,
				6829201E21576A3100EC5EEC /* Assets.xcassets */,
				6829202321576A3100EC5EEC /* Info.plist */,
				6829202421576A3100EC5EEC /* AutoReload.entitlements */,
				68B0FA8D215C693B00037CED /* Window.swift */,
				68B0FA8B215C677B00037CED /* TranslucentView.swift */,
				681627122733EEDB00B75948 /* Credits.rtf */,
			);
			path = AutoReload;
			sourceTree = "<group>";
		};
		6829204B21576AB200EC5EEC /* Frameworks */ = {
			isa = PBXGroup;
			children = (
				6829204C21576AB200EC5EEC /* Cocoa.framework */,
			);
			name = Frameworks;
			sourceTree = "<group>";
		};
		6829204E21576AB200EC5EEC /* SafariExtension */ = {
			isa = PBXGroup;
			children = (
				681347CD215842C400B3EFAC /* Info.plist */,
				6829204F21576AB200EC5EEC /* SafariExtensionHandler.swift */,
				6829205121576AB200EC5EEC /* SafariExtensionViewController.swift */,
				681347CF2158462900B3EFAC /* SafariExtensionViewController.xib */,
				6829205921576AB200EC5EEC /* ToolbarItemIcon.pdf */,
				681347D121585DE800B3EFAC /* ToolbarItemIconActive.pdf */,
				6829205B21576AB200EC5EEC /* SafariExtension.entitlements */,
				6850394721838E9E00B0C959 /* Reloader.swift */,
				683D584B23BA0361000E9573 /* Reloaders.swift */,
				681627102733E6C000B75948 /* Assets.xcassets */,
			);
			path = SafariExtension;
			sourceTree = "<group>";
		};
/* End PBXGroup section */

/* Begin PBXNativeTarget section */
		6829201621576A3000EC5EEC /* Auto Reload */ = {
			isa = PBXNativeTarget;
			buildConfigurationList = 6829203D21576A3200EC5EEC /* Build configuration list for PBXNativeTarget "Auto Reload" */;
			buildPhases = (
				6829201321576A3000EC5EEC /* Sources */,
				6829201421576A3000EC5EEC /* Frameworks */,
				6829201521576A3000EC5EEC /* Resources */,
				6829206221576AB200EC5EEC /* Embed App Extensions */,
			);
			buildRules = (
			);
			dependencies = (
				6829205D21576AB200EC5EEC /* PBXTargetDependency */,
			);
			name = "Auto Reload";
			productName = AutoReload;
			productReference = 6829201721576A3000EC5EEC /* Auto Reload.app */;
			productType = "com.apple.product-type.application";
		};
		6829204921576AB200EC5EEC /* SafariExtension */ = {
			isa = PBXNativeTarget;
			buildConfigurationList = 6829205F21576AB200EC5EEC /* Build configuration list for PBXNativeTarget "SafariExtension" */;
			buildPhases = (
				6829204621576AB200EC5EEC /* Sources */,
				6829204721576AB200EC5EEC /* Frameworks */,
				6829204821576AB200EC5EEC /* Resources */,
			);
			buildRules = (
			);
			dependencies = (
			);
			name = SafariExtension;
			productName = SafariExtension;
			productReference = 6829204A21576AB200EC5EEC /* SafariExtension.appex */;
			productType = "com.apple.product-type.app-extension";
		};
/* End PBXNativeTarget section */

/* Begin PBXProject section */
		6829200F21576A3000EC5EEC /* Project object */ = {
			isa = PBXProject;
			attributes = {
				LastSwiftUpdateCheck = 1000;
				LastUpgradeCheck = 1310;
				ORGANIZATIONNAME = DevSci;
				TargetAttributes = {
					6829201621576A3000EC5EEC = {
						CreatedOnToolsVersion = 10.0;
						LastSwiftMigration = 1130;
						SystemCapabilities = {
							com.apple.HardenedRuntime = {
								enabled = 1;
							};
						};
					};
					6829204921576AB200EC5EEC = {
						CreatedOnToolsVersion = 10.0;
						LastSwiftMigration = 1130;
						SystemCapabilities = {
							com.apple.HardenedRuntime = {
								enabled = 1;
							};
						};
					};
				};
			};
			buildConfigurationList = 6829201221576A3000EC5EEC /* Build configuration list for PBXProject "AutoReload" */;
			compatibilityVersion = "Xcode 9.3";
			developmentRegion = en;
			hasScannedForEncodings = 0;
			knownRegions = (
				en,
				Base,
			);
			mainGroup = 6829200E21576A3000EC5EEC;
			productRefGroup = 6829201821576A3000EC5EEC /* Products */;
			projectDirPath = "";
			projectRoot = "";
			targets = (
				6829201621576A3000EC5EEC /* Auto Reload */,
				6829204921576AB200EC5EEC /* SafariExtension */,
			);
		};
/* End PBXProject section */

/* Begin PBXResourcesBuildPhase section */
		6829201521576A3000EC5EEC /* Resources */ = {
			isa = PBXResourcesBuildPhase;
			buildActionMask = 2147483647;
			files = (
				6829201F21576A3100EC5EEC /* Assets.xcassets in Resources */,
				681627132733EEDB00B75948 /* Credits.rtf in Resources */,
				681347D42159732400B3EFAC /* Main.storyboard in Resources */,
			);
			runOnlyForDeploymentPostprocessing = 0;
		};
		6829204821576AB200EC5EEC /* Resources */ = {
			isa = PBXResourcesBuildPhase;
			buildActionMask = 2147483647;
			files = (
				681347D221585DE800B3EFAC /* ToolbarItemIconActive.pdf in Resources */,
				681347D02158462900B3EFAC /* SafariExtensionViewController.xib in Resources */,
				681627112733E6C000B75948 /* Assets.xcassets in Resources */,
				6829205A21576AB200EC5EEC /* ToolbarItemIcon.pdf in Resources */,
			);
			runOnlyForDeploymentPostprocessing = 0;
		};
/* End PBXResourcesBuildPhase section */

/* Begin PBXSourcesBuildPhase section */
		6829201321576A3000EC5EEC /* Sources */ = {
			isa = PBXSourcesBuildPhase;
			buildActionMask = 2147483647;
			files = (
				68B0FA8C215C677B00037CED /* TranslucentView.swift in Sources */,
				68B0FA8E215C693B00037CED /* Window.swift in Sources */,
				6829201D21576A3000EC5EEC /* ViewController.swift in Sources */,
				6829201B21576A3000EC5EEC /* AppDelegate.swift in Sources */,
			);
			runOnlyForDeploymentPostprocessing = 0;
		};
		6829204621576AB200EC5EEC /* Sources */ = {
			isa = PBXSourcesBuildPhase;
			buildActionMask = 2147483647;
			files = (
				6829205221576AB200EC5EEC /* SafariExtensionViewController.swift in Sources */,
				6850394821838E9E00B0C959 /* Reloader.swift in Sources */,
				6829205021576AB200EC5EEC /* SafariExtensionHandler.swift in Sources */,
				683D584C23BA0361000E9573 /* Reloaders.swift in Sources */,
			);
			runOnlyForDeploymentPostprocessing = 0;
		};
/* End PBXSourcesBuildPhase section */

/* Begin PBXTargetDependency section */
		6829205D21576AB200EC5EEC /* PBXTargetDependency */ = {
			isa = PBXTargetDependency;
			target = 6829204921576AB200EC5EEC /* SafariExtension */;
			targetProxy = 6829205C21576AB200EC5EEC /* PBXContainerItemProxy */;
		};
/* End PBXTargetDependency section */

/* Begin XCBuildConfiguration section */
		6829203B21576A3200EC5EEC /* Debug */ = {
			isa = XCBuildConfiguration;
			buildSettings = {
				ALWAYS_SEARCH_USER_PATHS = NO;
				CLANG_ANALYZER_LOCALIZABILITY_NONLOCALIZED = YES;
				CLANG_ANALYZER_NONNULL = YES;
				CLANG_ANALYZER_NUMBER_OBJECT_CONVERSION = YES_AGGRESSIVE;
				CLANG_CXX_LANGUAGE_STANDARD = "gnu++14";
				CLANG_CXX_LIBRARY = "libc++";
				CLANG_ENABLE_MODULES = YES;
				CLANG_ENABLE_OBJC_ARC = YES;
				CLANG_ENABLE_OBJC_WEAK = YES;
				CLANG_WARN_BLOCK_CAPTURE_AUTORELEASING = YES;
				CLANG_WARN_BOOL_CONVERSION = YES;
				CLANG_WARN_COMMA = YES;
				CLANG_WARN_CONSTANT_CONVERSION = YES;
				CLANG_WARN_DEPRECATED_OBJC_IMPLEMENTATIONS = YES;
				CLANG_WARN_DIRECT_OBJC_ISA_USAGE = YES_ERROR;
				CLANG_WARN_DOCUMENTATION_COMMENTS = YES;
				CLANG_WARN_EMPTY_BODY = YES;
				CLANG_WARN_ENUM_CONVERSION = YES;
				CLANG_WARN_INFINITE_RECURSION = YES;
				CLANG_WARN_INT_CONVERSION = YES;
				CLANG_WARN_NON_LITERAL_NULL_CONVERSION = YES;
				CLANG_WARN_OBJC_IMPLICIT_RETAIN_SELF = YES;
				CLANG_WARN_OBJC_LITERAL_CONVERSION = YES;
				CLANG_WARN_OBJC_ROOT_CLASS = YES_ERROR;
				CLANG_WARN_QUOTED_INCLUDE_IN_FRAMEWORK_HEADER = YES;
				CLANG_WARN_RANGE_LOOP_ANALYSIS = YES;
				CLANG_WARN_STRICT_PROTOTYPES = YES;
				CLANG_WARN_SUSPICIOUS_MOVE = YES;
				CLANG_WARN_UNGUARDED_AVAILABILITY = YES_AGGRESSIVE;
				CLANG_WARN_UNREACHABLE_CODE = YES;
				CLANG_WARN__DUPLICATE_METHOD_MATCH = YES;
				CODE_SIGN_IDENTITY = "Mac Developer";
				COPY_PHASE_STRIP = NO;
				DEBUG_INFORMATION_FORMAT = dwarf;
				ENABLE_STRICT_OBJC_MSGSEND = YES;
				ENABLE_TESTABILITY = YES;
				GCC_C_LANGUAGE_STANDARD = gnu11;
				GCC_DYNAMIC_NO_PIC = NO;
				GCC_NO_COMMON_BLOCKS = YES;
				GCC_OPTIMIZATION_LEVEL = 0;
				GCC_PREPROCESSOR_DEFINITIONS = (
					"DEBUG=1",
					"$(inherited)",
				);
				GCC_WARN_64_TO_32_BIT_CONVERSION = YES;
				GCC_WARN_ABOUT_RETURN_TYPE = YES_ERROR;
				GCC_WARN_UNDECLARED_SELECTOR = YES;
				GCC_WARN_UNINITIALIZED_AUTOS = YES_AGGRESSIVE;
				GCC_WARN_UNUSED_FUNCTION = YES;
				GCC_WARN_UNUSED_VARIABLE = YES;
				MACOSX_DEPLOYMENT_TARGET = 10.13;
				MTL_ENABLE_DEBUG_INFO = INCLUDE_SOURCE;
				MTL_FAST_MATH = YES;
				ONLY_ACTIVE_ARCH = YES;
				PRODUCT_NAME = "Auto Reload";
				SDKROOT = macosx;
				SWIFT_ACTIVE_COMPILATION_CONDITIONS = DEBUG;
				SWIFT_OPTIMIZATION_LEVEL = "-Onone";
			};
			name = Debug;
		};
		6829203C21576A3200EC5EEC /* Release */ = {
			isa = XCBuildConfiguration;
			buildSettings = {
				ALWAYS_SEARCH_USER_PATHS = NO;
				CLANG_ANALYZER_LOCALIZABILITY_NONLOCALIZED = YES;
				CLANG_ANALYZER_NONNULL = YES;
				CLANG_ANALYZER_NUMBER_OBJECT_CONVERSION = YES_AGGRESSIVE;
				CLANG_CXX_LANGUAGE_STANDARD = "gnu++14";
				CLANG_CXX_LIBRARY = "libc++";
				CLANG_ENABLE_MODULES = YES;
				CLANG_ENABLE_OBJC_ARC = YES;
				CLANG_ENABLE_OBJC_WEAK = YES;
				CLANG_WARN_BLOCK_CAPTURE_AUTORELEASING = YES;
				CLANG_WARN_BOOL_CONVERSION = YES;
				CLANG_WARN_COMMA = YES;
				CLANG_WARN_CONSTANT_CONVERSION = YES;
				CLANG_WARN_DEPRECATED_OBJC_IMPLEMENTATIONS = YES;
				CLANG_WARN_DIRECT_OBJC_ISA_USAGE = YES_ERROR;
				CLANG_WARN_DOCUMENTATION_COMMENTS = YES;
				CLANG_WARN_EMPTY_BODY = YES;
				CLANG_WARN_ENUM_CONVERSION = YES;
				CLANG_WARN_INFINITE_RECURSION = YES;
				CLANG_WARN_INT_CONVERSION = YES;
				CLANG_WARN_NON_LITERAL_NULL_CONVERSION = YES;
				CLANG_WARN_OBJC_IMPLICIT_RETAIN_SELF = YES;
				CLANG_WARN_OBJC_LITERAL_CONVERSION = YES;
				CLANG_WARN_OBJC_ROOT_CLASS = YES_ERROR;
				CLANG_WARN_QUOTED_INCLUDE_IN_FRAMEWORK_HEADER = YES;
				CLANG_WARN_RANGE_LOOP_ANALYSIS = YES;
				CLANG_WARN_STRICT_PROTOTYPES = YES;
				CLANG_WARN_SUSPICIOUS_MOVE = YES;
				CLANG_WARN_UNGUARDED_AVAILABILITY = YES_AGGRESSIVE;
				CLANG_WARN_UNREACHABLE_CODE = YES;
				CLANG_WARN__DUPLICATE_METHOD_MATCH = YES;
				CODE_SIGN_IDENTITY = "Mac Developer";
				COPY_PHASE_STRIP = NO;
				DEBUG_INFORMATION_FORMAT = "dwarf-with-dsym";
				ENABLE_NS_ASSERTIONS = NO;
				ENABLE_STRICT_OBJC_MSGSEND = YES;
				GCC_C_LANGUAGE_STANDARD = gnu11;
				GCC_NO_COMMON_BLOCKS = YES;
				GCC_WARN_64_TO_32_BIT_CONVERSION = YES;
				GCC_WARN_ABOUT_RETURN_TYPE = YES_ERROR;
				GCC_WARN_UNDECLARED_SELECTOR = YES;
				GCC_WARN_UNINITIALIZED_AUTOS = YES_AGGRESSIVE;
				GCC_WARN_UNUSED_FUNCTION = YES;
				GCC_WARN_UNUSED_VARIABLE = YES;
				MACOSX_DEPLOYMENT_TARGET = 10.13;
				MTL_ENABLE_DEBUG_INFO = NO;
				MTL_FAST_MATH = YES;
				PRODUCT_NAME = "Auto Reload";
				SDKROOT = macosx;
				SWIFT_COMPILATION_MODE = wholemodule;
				SWIFT_OPTIMIZATION_LEVEL = "-O";
			};
			name = Release;
		};
		6829203E21576A3200EC5EEC /* Debug */ = {
			isa = XCBuildConfiguration;
			buildSettings = {
				ALWAYS_EMBED_SWIFT_STANDARD_LIBRARIES = YES;
				ASSETCATALOG_COMPILER_APPICON_NAME = AppIcon;
				CODE_SIGN_ENTITLEMENTS = AutoReload/AutoReload.entitlements;
				CODE_SIGN_IDENTITY = "Mac Developer";
				CODE_SIGN_STYLE = Automatic;
				COMBINE_HIDPI_IMAGES = YES;
				CURRENT_PROJECT_VERSION = 9;
				DEVELOPMENT_TEAM = N7TC759VWV;
				ENABLE_HARDENED_RUNTIME = YES;
				INFOPLIST_FILE = AutoReload/Info.plist;
				LD_RUNPATH_SEARCH_PATHS = (
					"$(inherited)",
					"@executable_path/../Frameworks",
				);
				MARKETING_VERSION = 2.0.1;
				PRODUCT_BUNDLE_IDENTIFIER = net.devsci.autoreload;
				PRODUCT_NAME = "$(TARGET_NAME)";
				PROVISIONING_PROFILE_SPECIFIER = "";
				SWIFT_VERSION = 5.0;
			};
			name = Debug;
		};
		6829203F21576A3200EC5EEC /* Release */ = {
			isa = XCBuildConfiguration;
			buildSettings = {
				ALWAYS_EMBED_SWIFT_STANDARD_LIBRARIES = YES;
				ASSETCATALOG_COMPILER_APPICON_NAME = AppIcon;
				CODE_SIGN_ENTITLEMENTS = AutoReload/AutoReload.entitlements;
				CODE_SIGN_IDENTITY = "Mac Developer";
				CODE_SIGN_STYLE = Automatic;
				COMBINE_HIDPI_IMAGES = YES;
				CURRENT_PROJECT_VERSION = 9;
				DEVELOPMENT_TEAM = N7TC759VWV;
				ENABLE_HARDENED_RUNTIME = YES;
				INFOPLIST_FILE = AutoReload/Info.plist;
				LD_RUNPATH_SEARCH_PATHS = (
					"$(inherited)",
					"@executable_path/../Frameworks",
				);
				MARKETING_VERSION = 2.0.1;
				PRODUCT_BUNDLE_IDENTIFIER = net.devsci.autoreload;
				PRODUCT_NAME = "$(TARGET_NAME)";
				PROVISIONING_PROFILE_SPECIFIER = "";
				SWIFT_VERSION = 5.0;
			};
			name = Release;
		};
		6829206021576AB200EC5EEC /* Debug */ = {
			isa = XCBuildConfiguration;
			buildSettings = {
				CODE_SIGN_ENTITLEMENTS = SafariExtension/SafariExtension.entitlements;
				CODE_SIGN_IDENTITY = "Mac Developer";
				CODE_SIGN_STYLE = Automatic;
				CURRENT_PROJECT_VERSION = 9;
				DEVELOPMENT_TEAM = N7TC759VWV;
				ENABLE_HARDENED_RUNTIME = YES;
				INFOPLIST_FILE = SafariExtension/Info.plist;
				LD_RUNPATH_SEARCH_PATHS = (
					"$(inherited)",
					"@executable_path/../Frameworks",
					"@executable_path/../../../../Frameworks",
				);
				MARKETING_VERSION = 2.0.1;
				PRODUCT_BUNDLE_IDENTIFIER = net.devsci.autoreload.safariextension;
				PRODUCT_NAME = "$(TARGET_NAME)";
				PROVISIONING_PROFILE_SPECIFIER = "";
				SKIP_INSTALL = YES;
				SWIFT_VERSION = 5.0;
			};
			name = Debug;
		};
		6829206121576AB200EC5EEC /* Release */ = {
			isa = XCBuildConfiguration;
			buildSettings = {
				CODE_SIGN_ENTITLEMENTS = SafariExtension/SafariExtension.entitlements;
				CODE_SIGN_IDENTITY = "Mac Developer";
				CODE_SIGN_STYLE = Automatic;
				CURRENT_PROJECT_VERSION = 9;
				DEVELOPMENT_TEAM = N7TC759VWV;
				ENABLE_HARDENED_RUNTIME = YES;
				INFOPLIST_FILE = SafariExtension/Info.plist;
				LD_RUNPATH_SEARCH_PATHS = (
					"$(inherited)",
					"@executable_path/../Frameworks",
					"@executable_path/../../../../Frameworks",
				);
				MARKETING_VERSION = 2.0.1;
				PRODUCT_BUNDLE_IDENTIFIER = net.devsci.autoreload.safariextension;
				PRODUCT_NAME = "$(TARGET_NAME)";
				PROVISIONING_PROFILE_SPECIFIER = "";
				SKIP_INSTALL = YES;
				SWIFT_VERSION = 5.0;
			};
			name = Release;
		};
/* End XCBuildConfiguration section */

/* Begin XCConfigurationList section */
		6829201221576A3000EC5EEC /* Build configuration list for PBXProject "AutoReload" */ = {
			isa = XCConfigurationList;
			buildConfigurations = (
				6829203B21576A3200EC5EEC /* Debug */,
				6829203C21576A3200EC5EEC /* Release */,
			);
			defaultConfigurationIsVisible = 0;
			defaultConfigurationName = Release;
		};
		6829203D21576A3200EC5EEC /* Build configuration list for PBXNativeTarget "Auto Reload" */ = {
			isa = XCConfigurationList;
			buildConfigurations = (
				6829203E21576A3200EC5EEC /* Debug */,
				6829203F21576A3200EC5EEC /* Release */,
			);
			defaultConfigurationIsVisible = 0;
			defaultConfigurationName = Release;
		};
		6829205F21576AB200EC5EEC /* Build configuration list for PBXNativeTarget "SafariExtension" */ = {
			isa = XCConfigurationList;
			buildConfigurations = (
				6829206021576AB200EC5EEC /* Debug */,
				6829206121576AB200EC5EEC /* Release */,
			);
			defaultConfigurationIsVisible = 0;
			defaultConfigurationName = Release;
		};
/* End XCConfigurationList section */
	};
	rootObject = 6829200F21576A3000EC5EEC /* Project object */;
}
